// !$*UTF8*$!
{
	archiveVersion = 1;
	classes = {
	};
	objectVersion = 50;
	objects = {

/* Begin PBXBuildFile section */
		2098F7F824B5FDEC00D92936 /* AppDelegate.swift in Sources */ = {isa = PBXBuildFile; fileRef = 2098F7F724B5FDEC00D92936 /* AppDelegate.swift */; };
		2098F7FA24B5FDEC00D92936 /* SceneDelegate.swift in Sources */ = {isa = PBXBuildFile; fileRef = 2098F7F924B5FDEC00D92936 /* SceneDelegate.swift */; };
		2098F7FC24B5FDEC00D92936 /* ViewController.swift in Sources */ = {isa = PBXBuildFile; fileRef = 2098F7FB24B5FDEC00D92936 /* ViewController.swift */; };
		2098F7FF24B5FDEC00D92936 /* Main.storyboard in Resources */ = {isa = PBXBuildFile; fileRef = 2098F7FD24B5FDEC00D92936 /* Main.storyboard */; };
		2098F80124B5FDF100D92936 /* Assets.xcassets in Resources */ = {isa = PBXBuildFile; fileRef = 2098F80024B5FDF100D92936 /* Assets.xcassets */; };
		2098F80424B5FDF100D92936 /* LaunchScreen.storyboard in Resources */ = {isa = PBXBuildFile; fileRef = 2098F80224B5FDF100D92936 /* LaunchScreen.storyboard */; };
		2098F80F24B5FDF200D92936 /* GMapMarkLocationTests.swift in Sources */ = {isa = PBXBuildFile; fileRef = 2098F80E24B5FDF200D92936 /* GMapMarkLocationTests.swift */; };
		96B6E64E611BEDFB327A40A2 /* libPods-GMapMarkLocation.a in Frameworks */ = {isa = PBXBuildFile; fileRef = D71CAAAADE3F89DE56E768EB /* libPods-GMapMarkLocation.a */; };
/* End PBXBuildFile section */

/* Begin PBXContainerItemProxy section */
		2098F80B24B5FDF200D92936 /* PBXContainerItemProxy */ = {
			isa = PBXContainerItemProxy;
			containerPortal = 2098F7EC24B5FDEC00D92936 /* Project object */;
			proxyType = 1;
			remoteGlobalIDString = 2098F7F324B5FDEC00D92936;
			remoteInfo = GMapMarkLocation;
		};
/* End PBXContainerItemProxy section */

/* Begin PBXFileReference section */
		2098F7F424B5FDEC00D92936 /* GMapMarkLocation.app */ = {isa = PBXFileReference; explicitFileType = wrapper.application; includeInIndex = 0; path = GMapMarkLocation.app; sourceTree = BUILT_PRODUCTS_DIR; };
		2098F7F724B5FDEC00D92936 /* AppDelegate.swift */ = {isa = PBXFileReference; lastKnownFileType = sourcecode.swift; path = AppDelegate.swift; sourceTree = "<group>"; };
		2098F7F924B5FDEC00D92936 /* SceneDelegate.swift */ = {isa = PBXFileReference; lastKnownFileType = sourcecode.swift; path = SceneDelegate.swift; sourceTree = "<group>"; };
		2098F7FB24B5FDEC00D92936 /* ViewController.swift */ = {isa = PBXFileReference; lastKnownFileType = sourcecode.swift; path = ViewController.swift; sourceTree = "<group>"; };
		2098F7FE24B5FDEC00D92936 /* Base */ = {isa = PBXFileReference; lastKnownFileType = file.storyboard; name = Base; path = Base.lproj/Main.storyboard; sourceTree = "<group>"; };
		2098F80024B5FDF100D92936 /* Assets.xcassets */ = {isa = PBXFileReference; lastKnownFileType = folder.assetcatalog; path = Assets.xcassets; sourceTree = "<group>"; };
		2098F80324B5FDF100D92936 /* Base */ = {isa = PBXFileReference; lastKnownFileType = file.storyboard; name = Base; path = Base.lproj/LaunchScreen.storyboard; sourceTree = "<group>"; };
		2098F80524B5FDF100D92936 /* Info.plist */ = {isa = PBXFileReference; lastKnownFileType = text.plist.xml; path = Info.plist; sourceTree = "<group>"; };
		2098F80A24B5FDF200D92936 /* GMapMarkLocationTests.xctest */ = {isa = PBXFileReference; explicitFileType = wrapper.cfbundle; includeInIndex = 0; path = GMapMarkLocationTests.xctest; sourceTree = BUILT_PRODUCTS_DIR; };
		2098F80E24B5FDF200D92936 /* GMapMarkLocationTests.swift */ = {isa = PBXFileReference; lastKnownFileType = sourcecode.swift; path = GMapMarkLocationTests.swift; sourceTree = "<group>"; };
		2098F81024B5FDF200D92936 /* Info.plist */ = {isa = PBXFileReference; lastKnownFileType = text.plist.xml; path = Info.plist; sourceTree = "<group>"; };
		40E89333CB1297E1B23F2B10 /* Pods-GMapMarkLocation.debug.xcconfig */ = {isa = PBXFileReference; includeInIndex = 1; lastKnownFileType = text.xcconfig; name = "Pods-GMapMarkLocation.debug.xcconfig"; path = "Target Support Files/Pods-GMapMarkLocation/Pods-GMapMarkLocation.debug.xcconfig"; sourceTree = "<group>"; };
		A2D1CB63138ABEFBC8EAFF6A /* Pods-GMapMarkLocation.release.xcconfig */ = {isa = PBXFileReference; includeInIndex = 1; lastKnownFileType = text.xcconfig; name = "Pods-GMapMarkLocation.release.xcconfig"; path = "Target Support Files/Pods-GMapMarkLocation/Pods-GMapMarkLocation.release.xcconfig"; sourceTree = "<group>"; };
		D71CAAAADE3F89DE56E768EB /* libPods-GMapMarkLocation.a */ = {isa = PBXFileReference; explicitFileType = archive.ar; includeInIndex = 0; path = "libPods-GMapMarkLocation.a"; sourceTree = BUILT_PRODUCTS_DIR; };
/* End PBXFileReference section */

/* Begin PBXFrameworksBuildPhase section */
		2098F7F124B5FDEC00D92936 /* Frameworks */ = {
			isa = PBXFrameworksBuildPhase;
			buildActionMask = 2147483647;
			files = (
				96B6E64E611BEDFB327A40A2 /* libPods-GMapMarkLocation.a in Frameworks */,
			);
			runOnlyForDeploymentPostprocessing = 0;
		};
		2098F80724B5FDF200D92936 /* Frameworks */ = {
			isa = PBXFrameworksBuildPhase;
			buildActionMask = 2147483647;
			files = (
			);
			runOnlyForDeploymentPostprocessing = 0;
		};
/* End PBXFrameworksBuildPhase section */

/* Begin PBXGroup section */
		2098F7EB24B5FDEC00D92936 = {
			isa = PBXGroup;
			children = (
				2098F7F624B5FDEC00D92936 /* GMapMarkLocation */,
				2098F80D24B5FDF200D92936 /* GMapMarkLocationTests */,
				2098F7F524B5FDEC00D92936 /* Products */,
				6A5085B009223D830FC467BB /* Pods */,
				DFF70794AA540714C052F392 /* Frameworks */,
			);
			sourceTree = "<group>";
		};
		2098F7F524B5FDEC00D92936 /* Products */ = {
			isa = PBXGroup;
			children = (
				2098F7F424B5FDEC00D92936 /* GMapMarkLocation.app */,
				2098F80A24B5FDF200D92936 /* GMapMarkLocationTests.xctest */,
			);
			name = Products;
			sourceTree = "<group>";
		};
		2098F7F624B5FDEC00D92936 /* GMapMarkLocation */ = {
			isa = PBXGroup;
			children = (
				2098F7F724B5FDEC00D92936 /* AppDelegate.swift */,
				2098F7F924B5FDEC00D92936 /* SceneDelegate.swift */,
				2098F7FB24B5FDEC00D92936 /* ViewController.swift */,
				2098F7FD24B5FDEC00D92936 /* Main.storyboard */,
				2098F80024B5FDF100D92936 /* Assets.xcassets */,
				2098F80224B5FDF100D92936 /* LaunchScreen.storyboard */,
				2098F80524B5FDF100D92936 /* Info.plist */,
			);
			path = GMapMarkLocation;
			sourceTree = "<group>";
		};
		2098F80D24B5FDF200D92936 /* GMapMarkLocationTests */ = {
			isa = PBXGroup;
			children = (
				2098F80E24B5FDF200D92936 /* GMapMarkLocationTests.swift */,
				2098F81024B5FDF200D92936 /* Info.plist */,
			);
			path = GMapMarkLocationTests;
			sourceTree = "<group>";
		};
		6A5085B009223D830FC467BB /* Pods */ = {
			isa = PBXGroup;
			children = (
				40E89333CB1297E1B23F2B10 /* Pods-GMapMarkLocation.debug.xcconfig */,
				A2D1CB63138ABEFBC8EAFF6A /* Pods-GMapMarkLocation.release.xcconfig */,
			);
			name = Pods;
			path = Pods;
			sourceTree = "<group>";
		};
		DFF70794AA540714C052F392 /* Frameworks */ = {
			isa = PBXGroup;
			children = (
				D71CAAAADE3F89DE56E768EB /* libPods-GMapMarkLocation.a */,
			);
			name = Frameworks;
			sourceTree = "<group>";
		};
/* End PBXGroup section */

/* Begin PBXNativeTarget section */
		2098F7F324B5FDEC00D92936 /* GMapMarkLocation */ = {
			isa = PBXNativeTarget;
			buildConfigurationList = 2098F81324B5FDF200D92936 /* Build configuration list for PBXNativeTarget "GMapMarkLocation" */;
			buildPhases = (
				CDCA65F69887F20C8BFC3EC6 /* [CP] Check Pods Manifest.lock */,
				2098F7F024B5FDEC00D92936 /* Sources */,
				2098F7F124B5FDEC00D92936 /* Frameworks */,
				2098F7F224B5FDEC00D92936 /* Resources */,
				51AF2379FC22F37A25A6339F /* [CP] Copy Pods Resources */,
			);
			buildRules = (
			);
			dependencies = (
			);
			name = GMapMarkLocation;
			productName = GMapMarkLocation;
			productReference = 2098F7F424B5FDEC00D92936 /* GMapMarkLocation.app */;
			productType = "com.apple.product-type.application";
		};
		2098F80924B5FDF200D92936 /* GMapMarkLocationTests */ = {
			isa = PBXNativeTarget;
			buildConfigurationList = 2098F81624B5FDF200D92936 /* Build configuration list for PBXNativeTarget "GMapMarkLocationTests" */;
			buildPhases = (
				2098F80624B5FDF200D92936 /* Sources */,
				2098F80724B5FDF200D92936 /* Frameworks */,
				2098F80824B5FDF200D92936 /* Resources */,
			);
			buildRules = (
			);
			dependencies = (
				2098F80C24B5FDF200D92936 /* PBXTargetDependency */,
			);
			name = GMapMarkLocationTests;
			productName = GMapMarkLocationTests;
			productReference = 2098F80A24B5FDF200D92936 /* GMapMarkLocationTests.xctest */;
			productType = "com.apple.product-type.bundle.unit-test";
		};
/* End PBXNativeTarget section */

/* Begin PBXProject section */
		2098F7EC24B5FDEC00D92936 /* Project object */ = {
			isa = PBXProject;
			attributes = {
				LastSwiftUpdateCheck = 1150;
				LastUpgradeCheck = 1150;
				ORGANIZATIONNAME = SwiftiCode;
				TargetAttributes = {
					2098F7F324B5FDEC00D92936 = {
						CreatedOnToolsVersion = 11.5;
					};
					2098F80924B5FDF200D92936 = {
						CreatedOnToolsVersion = 11.5;
						TestTargetID = 2098F7F324B5FDEC00D92936;
					};
				};
			};
			buildConfigurationList = 2098F7EF24B5FDEC00D92936 /* Build configuration list for PBXProject "GMapMarkLocation" */;
			compatibilityVersion = "Xcode 9.3";
			developmentRegion = en;
			hasScannedForEncodings = 0;
			knownRegions = (
				en,
				Base,
			);
			mainGroup = 2098F7EB24B5FDEC00D92936;
			productRefGroup = 2098F7F524B5FDEC00D92936 /* Products */;
			projectDirPath = "";
			projectRoot = "";
			targets = (
				2098F7F324B5FDEC00D92936 /* GMapMarkLocation */,
				2098F80924B5FDF200D92936 /* GMapMarkLocationTests */,
			);
		};
/* End PBXProject section */

/* Begin PBXResourcesBuildPhase section */
		2098F7F224B5FDEC00D92936 /* Resources */ = {
			isa = PBXResourcesBuildPhase;
			buildActionMask = 2147483647;
			files = (
				2098F80424B5FDF100D92936 /* LaunchScreen.storyboard in Resources */,
				2098F80124B5FDF100D92936 /* Assets.xcassets in Resources */,
				2098F7FF24B5FDEC00D92936 /* Main.storyboard in Resources */,
			);
			runOnlyForDeploymentPostprocessing = 0;
		};
		2098F80824B5FDF200D92936 /* Resources */ = {
			isa = PBXResourcesBuildPhase;
			buildActionMask = 2147483647;
			files = (
			);
			runOnlyForDeploymentPostprocessing = 0;
		};
/* End PBXResourcesBuildPhase section */

/* Begin PBXShellScriptBuildPhase section */
		51AF2379FC22F37A25A6339F /* [CP] Copy Pods Resources */ = {
			isa = PBXShellScriptBuildPhase;
			buildActionMask = 2147483647;
			files = (
			);
			inputFileListPaths = (
				"${PODS_ROOT}/Target Support Files/Pods-GMapMarkLocation/Pods-GMapMarkLocation-resources-${CONFIGURATION}-input-files.xcfilelist",
			);
			name = "[CP] Copy Pods Resources";
			outputFileListPaths = (
				"${PODS_ROOT}/Target Support Files/Pods-GMapMarkLocation/Pods-GMapMarkLocation-resources-${CONFIGURATION}-output-files.xcfilelist",
			);
			runOnlyForDeploymentPostprocessing = 0;
			shellPath = /bin/sh;
			shellScript = "\"${PODS_ROOT}/Target Support Files/Pods-GMapMarkLocation/Pods-GMapMarkLocation-resources.sh\"\n";
			showEnvVarsInLog = 0;
		};
		CDCA65F69887F20C8BFC3EC6 /* [CP] Check Pods Manifest.lock */ = {
			isa = PBXShellScriptBuildPhase;
			buildActionMask = 2147483647;
			files = (
			);
			inputFileListPaths = (
			);
			inputPaths = (
				"${PODS_PODFILE_DIR_PATH}/Podfile.lock",
				"${PODS_ROOT}/Manifest.lock",
			);
			name = "[CP] Check Pods Manifest.lock";
			outputFileListPaths = (
			);
			outputPaths = (
				"$(DERIVED_FILE_DIR)/Pods-GMapMarkLocation-checkManifestLockResult.txt",
			);
			runOnlyForDeploymentPostprocessing = 0;
			shellPath = /bin/sh;
			shellScript = "diff \"${PODS_PODFILE_DIR_PATH}/Podfile.lock\" \"${PODS_ROOT}/Manifest.lock\" > /dev/null\nif [ $? != 0 ] ; then\n    # print error to STDERR\n    echo \"error: The sandbox is not in sync with the Podfile.lock. Run 'pod install' or update your CocoaPods installation.\" >&2\n    exit 1\nfi\n# This output is used by Xcode 'outputs' to avoid re-running this script phase.\necho \"SUCCESS\" > \"${SCRIPT_OUTPUT_FILE_0}\"\n";
			showEnvVarsInLog = 0;
		};
/* End PBXShellScriptBuildPhase section */

/* Begin PBXSourcesBuildPhase section */
		2098F7F024B5FDEC00D92936 /* Sources */ = {
			isa = PBXSourcesBuildPhase;
			buildActionMask = 2147483647;
			files = (
				2098F7FC24B5FDEC00D92936 /* ViewController.swift in Sources */,
				2098F7F824B5FDEC00D92936 /* AppDelegate.swift in Sources */,
				2098F7FA24B5FDEC00D92936 /* SceneDelegate.swift in Sources */,
			);
			runOnlyForDeploymentPostprocessing = 0;
		};
		2098F80624B5FDF200D92936 /* Sources */ = {
			isa = PBXSourcesBuildPhase;
			buildActionMask = 2147483647;
			files = (
				2098F80F24B5FDF200D92936 /* GMapMarkLocationTests.swift in Sources */,
			);
			runOnlyForDeploymentPostprocessing = 0;
		};
/* End PBXSourcesBuildPhase section */

/* Begin PBXTargetDependency section */
		2098F80C24B5FDF200D92936 /* PBXTargetDependency */ = {
			isa = PBXTargetDependency;
			target = 2098F7F324B5FDEC00D92936 /* GMapMarkLocation */;
			targetProxy = 2098F80B24B5FDF200D92936 /* PBXContainerItemProxy */;
		};
/* End PBXTargetDependency section */

/* Begin PBXVariantGroup section */
		2098F7FD24B5FDEC00D92936 /* Main.storyboard */ = {
			isa = PBXVariantGroup;
			children = (
				2098F7FE24B5FDEC00D92936 /* Base */,
			);
			name = Main.storyboard;
			sourceTree = "<group>";
		};
		2098F80224B5FDF100D92936 /* LaunchScreen.storyboard */ = {
			isa = PBXVariantGroup;
			children = (
				2098F80324B5FDF100D92936 /* Base */,
			);
			name = LaunchScreen.storyboard;
			sourceTree = "<group>";
		};
/* End PBXVariantGroup section */

/* Begin XCBuildConfiguration section */
		2098F81124B5FDF200D92936 /* Debug */ = {
			isa = XCBuildConfiguration;
			buildSettings = {
				ALWAYS_SEARCH_USER_PATHS = NO;
				CLANG_ANALYZER_NONNULL = YES;
				CLANG_ANALYZER_NUMBER_OBJECT_CONVERSION = YES_AGGRESSIVE;
				CLANG_CXX_LANGUAGE_STANDARD = "gnu++14";
				CLANG_CXX_LIBRARY = "libc++";
				CLANG_ENABLE_MODULES = YES;
				CLANG_ENABLE_OBJC_ARC = YES;
				CLANG_ENABLE_OBJC_WEAK = YES;
				CLANG_WARN_BLOCK_CAPTURE_AUTORELEASING = YES;
				CLANG_WARN_BOOL_CONVERSION = YES;
				CLANG_WARN_COMMA = YES;
				CLANG_WARN_CONSTANT_CONVERSION = YES;
				CLANG_WARN_DEPRECATED_OBJC_IMPLEMENTATIONS = YES;
				CLANG_WARN_DIRECT_OBJC_ISA_USAGE = YES_ERROR;
				CLANG_WARN_DOCUMENTATION_COMMENTS = YES;
				CLANG_WARN_EMPTY_BODY = YES;
				CLANG_WARN_ENUM_CONVERSION = YES;
				CLANG_WARN_INFINITE_RECURSION = YES;
				CLANG_WARN_INT_CONVERSION = YES;
				CLANG_WARN_NON_LITERAL_NULL_CONVERSION = YES;
				CLANG_WARN_OBJC_IMPLICIT_RETAIN_SELF = YES;
				CLANG_WARN_OBJC_LITERAL_CONVERSION = YES;
				CLANG_WARN_OBJC_ROOT_CLASS = YES_ERROR;
				CLANG_WARN_RANGE_LOOP_ANALYSIS = YES;
				CLANG_WARN_STRICT_PROTOTYPES = YES;
				CLANG_WARN_SUSPICIOUS_MOVE = YES;
				CLANG_WARN_UNGUARDED_AVAILABILITY = YES_AGGRESSIVE;
				CLANG_WARN_UNREACHABLE_CODE = YES;
				CLANG_WARN__DUPLICATE_METHOD_MATCH = YES;
				COPY_PHASE_STRIP = NO;
				DEBUG_INFORMATION_FORMAT = dwarf;
				ENABLE_STRICT_OBJC_MSGSEND = YES;
				ENABLE_TESTABILITY = YES;
				GCC_C_LANGUAGE_STANDARD = gnu11;
				GCC_DYNAMIC_NO_PIC = NO;
				GCC_NO_COMMON_BLOCKS = YES;
				GCC_OPTIMIZATION_LEVEL = 0;
				GCC_PREPROCESSOR_DEFINITIONS = (
					"DEBUG=1",
					"$(inherited)",
				);
				GCC_WARN_64_TO_32_BIT_CONVERSION = YES;
				GCC_WARN_ABOUT_RETURN_TYPE = YES_ERROR;
				GCC_WARN_UNDECLARED_SELECTOR = YES;
				GCC_WARN_UNINITIALIZED_AUTOS = YES_AGGRESSIVE;
				GCC_WARN_UNUSED_FUNCTION = YES;
				GCC_WARN_UNUSED_VARIABLE = YES;
				IPHONEOS_DEPLOYMENT_TARGET = 13.5;
				MTL_ENABLE_DEBUG_INFO = INCLUDE_SOURCE;
				MTL_FAST_MATH = YES;
				ONLY_ACTIVE_ARCH = YES;
				SDKROOT = iphoneos;
				SWIFT_ACTIVE_COMPILATION_CONDITIONS = DEBUG;
				SWIFT_OPTIMIZATION_LEVEL = "-Onone";
			};
			name = Debug;
		};
		2098F81224B5FDF200D92936 /* Release */ = {
			isa = XCBuildConfiguration;
			buildSettings = {
				ALWAYS_SEARCH_USER_PATHS = NO;
				CLANG_ANALYZER_NONNULL = YES;
				CLANG_ANALYZER_NUMBER_OBJECT_CONVERSION = YES_AGGRESSIVE;
				CLANG_CXX_LANGUAGE_STANDARD = "gnu++14";
				CLANG_CXX_LIBRARY = "libc++";
				CLANG_ENABLE_MODULES = YES;
				CLANG_ENABLE_OBJC_ARC = YES;
				CLANG_ENABLE_OBJC_WEAK = YES;
				CLANG_WARN_BLOCK_CAPTURE_AUTORELEASING = YES;
				CLANG_WARN_BOOL_CONVERSION = YES;
				CLANG_WARN_COMMA = YES;
				CLANG_WARN_CONSTANT_CONVERSION = YES;
				CLANG_WARN_DEPRECATED_OBJC_IMPLEMENTATIONS = YES;
				CLANG_WARN_DIRECT_OBJC_ISA_USAGE = YES_ERROR;
				CLANG_WARN_DOCUMENTATION_COMMENTS = YES;
				CLANG_WARN_EMPTY_BODY = YES;
				CLANG_WARN_ENUM_CONVERSION = YES;
				CLANG_WARN_INFINITE_RECURSION = YES;
				CLANG_WARN_INT_CONVERSION = YES;
				CLANG_WARN_NON_LITERAL_NULL_CONVERSION = YES;
				CLANG_WARN_OBJC_IMPLICIT_RETAIN_SELF = YES;
				CLANG_WARN_OBJC_LITERAL_CONVERSION = YES;
				CLANG_WARN_OBJC_ROOT_CLASS = YES_ERROR;
				CLANG_WARN_RANGE_LOOP_ANALYSIS = YES;
				CLANG_WARN_STRICT_PROTOTYPES = YES;
				CLANG_WARN_SUSPICIOUS_MOVE = YES;
				CLANG_WARN_UNGUARDED_AVAILABILITY = YES_AGGRESSIVE;
				CLANG_WARN_UNREACHABLE_CODE = YES;
				CLANG_WARN__DUPLICATE_METHOD_MATCH = YES;
				COPY_PHASE_STRIP = NO;
				DEBUG_INFORMATION_FORMAT = "dwarf-with-dsym";
				ENABLE_NS_ASSERTIONS = NO;
				ENABLE_STRICT_OBJC_MSGSEND = YES;
				GCC_C_LANGUAGE_STANDARD = gnu11;
				GCC_NO_COMMON_BLOCKS = YES;
				GCC_WARN_64_TO_32_BIT_CONVERSION = YES;
				GCC_WARN_ABOUT_RETURN_TYPE = YES_ERROR;
				GCC_WARN_UNDECLARED_SELECTOR = YES;
				GCC_WARN_UNINITIALIZED_AUTOS = YES_AGGRESSIVE;
				GCC_WARN_UNUSED_FUNCTION = YES;
				GCC_WARN_UNUSED_VARIABLE = YES;
				IPHONEOS_DEPLOYMENT_TARGET = 13.5;
				MTL_ENABLE_DEBUG_INFO = NO;
				MTL_FAST_MATH = YES;
				SDKROOT = iphoneos;
				SWIFT_COMPILATION_MODE = wholemodule;
				SWIFT_OPTIMIZATION_LEVEL = "-O";
				VALIDATE_PRODUCT = YES;
			};
			name = Release;
		};
		2098F81424B5FDF200D92936 /* Debug */ = {
			isa = XCBuildConfiguration;
			baseConfigurationReference = 40E89333CB1297E1B23F2B10 /* Pods-GMapMarkLocation.debug.xcconfig */;
			buildSettings = {
				ASSETCATALOG_COMPILER_APPICON_NAME = AppIcon;
				CODE_SIGN_STYLE = Automatic;
				DEVELOPMENT_TEAM = VDF27GCNGF;
				INFOPLIST_FILE = GMapMarkLocation/Info.plist;
				LD_RUNPATH_SEARCH_PATHS = (
					"$(inherited)",
					"@executable_path/Frameworks",
				);
				PRODUCT_BUNDLE_IDENTIFIER = SwiftiCode.GMapMarkLocation;
				PRODUCT_NAME = "$(TARGET_NAME)";
				SWIFT_VERSION = 5.0;
				TARGETED_DEVICE_FAMILY = "1,2";
			};
			name = Debug;
		};
		2098F81524B5FDF200D92936 /* Release */ = {
			isa = XCBuildConfiguration;
			baseConfigurationReference = A2D1CB63138ABEFBC8EAFF6A /* Pods-GMapMarkLocation.release.xcconfig */;
			buildSettings = {
				ASSETCATALOG_COMPILER_APPICON_NAME = AppIcon;
				CODE_SIGN_STYLE = Automatic;
				DEVELOPMENT_TEAM = VDF27GCNGF;
				INFOPLIST_FILE = GMapMarkLocation/Info.plist;
				LD_RUNPATH_SEARCH_PATHS = (
					"$(inherited)",
					"@executable_path/Frameworks",
				);
				PRODUCT_BUNDLE_IDENTIFIER = SwiftiCode.GMapMarkLocation;
				PRODUCT_NAME = "$(TARGET_NAME)";
				SWIFT_VERSION = 5.0;
				TARGETED_DEVICE_FAMILY = "1,2";
			};
			name = Release;
		};
		2098F81724B5FDF200D92936 /* Debug */ = {
			isa = XCBuildConfiguration;
			buildSettings = {
				ALWAYS_EMBED_SWIFT_STANDARD_LIBRARIES = YES;
				BUNDLE_LOADER = "$(TEST_HOST)";
				CODE_SIGN_STYLE = Automatic;
				DEVELOPMENT_TEAM = VDF27GCNGF;
				INFOPLIST_FILE = GMapMarkLocationTests/Info.plist;
				IPHONEOS_DEPLOYMENT_TARGET = 13.5;
				LD_RUNPATH_SEARCH_PATHS = (
					"$(inherited)",
					"@executable_path/Frameworks",
					"@loader_path/Frameworks",
				);
				PRODUCT_BUNDLE_IDENTIFIER = SwiftiCode.GMapMarkLocationTests;
				PRODUCT_NAME = "$(TARGET_NAME)";
				SWIFT_VERSION = 5.0;
				TARGETED_DEVICE_FAMILY = "1,2";
				TEST_HOST = "$(BUILT_PRODUCTS_DIR)/GMapMarkLocation.app/GMapMarkLocation";
			};
			name = Debug;
		};
		2098F81824B5FDF200D92936 /* Release */ = {
			isa = XCBuildConfiguration;
			buildSettings = {
				ALWAYS_EMBED_SWIFT_STANDARD_LIBRARIES = YES;
				BUNDLE_LOADER = "$(TEST_HOST)";
				CODE_SIGN_STYLE = Automatic;
				DEVELOPMENT_TEAM = VDF27GCNGF;
				INFOPLIST_FILE = GMapMarkLocationTests/Info.plist;
				IPHONEOS_DEPLOYMENT_TARGET = 13.5;
				LD_RUNPATH_SEARCH_PATHS = (
					"$(inherited)",
					"@executable_path/Frameworks",
					"@loader_path/Frameworks",
				);
				PRODUCT_BUNDLE_IDENTIFIER = SwiftiCode.GMapMarkLocationTests;
				PRODUCT_NAME = "$(TARGET_NAME)";
				SWIFT_VERSION = 5.0;
				TARGETED_DEVICE_FAMILY = "1,2";
				TEST_HOST = "$(BUILT_PRODUCTS_DIR)/GMapMarkLocation.app/GMapMarkLocation";
			};
			name = Release;
		};
/* End XCBuildConfiguration section */

/* Begin XCConfigurationList section */
		2098F7EF24B5FDEC00D92936 /* Build configuration list for PBXProject "GMapMarkLocation" */ = {
			isa = XCConfigurationList;
			buildConfigurations = (
				2098F81124B5FDF200D92936 /* Debug */,
				2098F81224B5FDF200D92936 /* Release */,
			);
			defaultConfigurationIsVisible = 0;
			defaultConfigurationName = Release;
		};
		2098F81324B5FDF200D92936 /* Build configuration list for PBXNativeTarget "GMapMarkLocation" */ = {
			isa = XCConfigurationList;
			buildConfigurations = (
				2098F81424B5FDF200D92936 /* Debug */,
				2098F81524B5FDF200D92936 /* Release */,
			);
			defaultConfigurationIsVisible = 0;
			defaultConfigurationName = Release;
		};
		2098F81624B5FDF200D92936 /* Build configuration list for PBXNativeTarget "GMapMarkLocationTests" */ = {
			isa = XCConfigurationList;
			buildConfigurations = (
				2098F81724B5FDF200D92936 /* Debug */,
				2098F81824B5FDF200D92936 /* Release */,
			);
			defaultConfigurationIsVisible = 0;
			defaultConfigurationName = Release;
		};
/* End XCConfigurationList section */
	};
	rootObject = 2098F7EC24B5FDEC00D92936 /* Project object */;
}
